Microsoft Visual Studio Solution File, Format Version 11.00
# Visual Studio 2015
Project("{EB4493C8-2B1C-995E-8F11-35D27C3EB09B}") = "AudioTestApp", "AudioTestApp.vcxproj", "{9D9B9AFB-E186-5638-27C8-26879D9AC0AC}"
EndProject
Global
	GlobalSection(SolutionConfigurationPlatforms) = preSolution
		Debug|Win32 = Debug|Win32
		Release|Win32 = Release|Win32
	EndGlobalSection
	GlobalSection(ProjectConfigurationPlatforms) = postSolution
		{9D9B9AFB-E186-5638-27C8-26879D9AC0AC}.Debug|Win32.ActiveCfg = Debug|Win32
		{9D9B9AFB-E186-5638-27C8-26879D9AC0AC}.Debug|Win32.Build.0 = Debug|Win32
		{9D9B9AFB-E186-5638-27C8-26879D9AC0AC}.Release|Win32.ActiveCfg = Release|Win32
		{9D9B9AFB-E186-5638-27C8-26879D9AC0AC}.Release|Win32.Build.0 = Release|Win32
	EndGlobalSection
	GlobalSection(SolutionProperties) = preSolution
		HideSolutionNode = FALSE
	EndGlobalSection
EndGlobal
